{
  "version": 4,
  "terraform_version": "1.11.2",
  "serial": 449,
  "lineage": "e9206362-40a0-a775-4afd-e9cc7b0f7040",
  "outputs": {},
  "resources": [
    {
      "mode": "managed",
      "type": "google_compute_instance",
      "name": "default",
      "provider": "provider[\"registry.terraform.io/hashicorp/google\"]",
      "instances": [
        {
          "schema_version": 6,
          "attributes": {
            "advanced_machine_features": [],
            "allow_stopping_for_update": null,
            "attached_disk": [],
            "boot_disk": [
              {
                "auto_delete": true,
                "device_name": "persistent-disk-0",
                "disk_encryption_key_raw": "",
                "disk_encryption_key_sha256": "",
                "initialize_params": [
                  {
                    "enable_confidential_compute": false,
                    "image": "https://www.googleapis.com/compute/v1/projects/debian-cloud/global/images/debian-11-bullseye-v20250311",
                    "labels": {},
                    "provisioned_iops": 0,
                    "provisioned_throughput": 0,
                    "resource_manager_tags": null,
                    "resource_policies": [],
                    "size": 10,
                    "storage_pool": "",
                    "type": "pd-standard"
                  }
                ],
                "interface": "",
                "kms_key_self_link": "",
                "mode": "READ_WRITE",
                "source": "https://www.googleapis.com/compute/v1/projects/central-catcher-448814-j1/zones/europe-west4-a/disks/airlow-instance"
              }
            ],
            "can_ip_forward": false,
            "confidential_instance_config": [],
            "cpu_platform": "Intel Cascade Lake",
            "creation_timestamp": "2025-03-23T13:15:13.719-07:00",
            "current_status": "RUNNING",
            "deletion_protection": false,
            "description": "",
            "desired_status": null,
            "effective_labels": {
              "goog-terraform-provisioned": "true"
            },
            "enable_display": false,
            "guest_accelerator": [],
            "hostname": "",
            "id": "projects/central-catcher-448814-j1/zones/europe-west4-a/instances/airlow-instance",
            "instance_id": "842166695271191870",
            "key_revocation_action_type": "",
            "label_fingerprint": "vezUS-42LLM=",
            "labels": null,
            "machine_type": "n2-standard-2",
            "metadata": {
              "ssh-keys": "airflow:ssh-rsa AAAAB3NzaC1yc2EAAAADAQABAAACAQC0QoUy16C98IiKrzbS+v9xFLVhjn5Y79q7VlSMi3+9o3pInFuiOgDDnz1fdkh6pacTa1RbTXYxjcNUY+jwxI0I08PL7X0Jiyrt3rv20R7LpxqmMBtb8IHwCQlhltyEucParPzqMLCDq11olJys3zNixAauMn8+X2NXi6bcF5vK1cEDG1teFvfYct12HDaKMOjYeqQfOp+Kemx93Pe+MJ2MrfXtJ7J4D1JknirCXNeGLUB+vRMddGZ3mzH8S9d+eoBb16vvZn3PLY22d4s7wtta3iSUD99/8MwrYdv437IYamGduSO+wteZTJcVfBuVo8I8RRwJvLXK/ACsHZ3sNq52iDN3w/IKOCWFcZt98+a5w4k6DhCJT7a2mkqB0v/gURaAV76hinaDYcfmjyqYu1h/cbRFPE97XKPURC23jPQWLaqdLasNObFL5BY/14dGmJyWUt136tVYlLk+PyngGWnao51A1r266eg8f27ZtIQOK/+2dF7klIqbBbV5tD13NmMuei56vAdw+EdbPtZUkyRHAsP1NO6K7XKWIjUNosfp31gFqTtMjjIuEFn3ey1l79YC7nM00td67ZZnXxj1e9I0V/E1ej5/bjIsTZ48f2G7dhwwBPUo7OWxJ63DWv/UdEWbnX+2SUiI6z92Dm7Olwuhy6JpySmRqhlIiz8fMr3iQw== josef\n"
            },
            "metadata_fingerprint": "cYhuqg0rStQ=",
            "metadata_startup_script": "#!/bin/bash\nsudo apt update -y \nsudo apt install docker.io -y \nsudo apt install unzip -y \n\ncurl -sSL install.astronomer.io | sudo bash -s\ngsutil cp \"gs://deployment_files_it253/src.zip\" /home/airflow\ncd /home/airflow\nunzip src.zip \u0026\u0026 cd src/airflow \u0026\u0026 yes | astro dev init \u0026\u0026 sudo astro dev start --wait 30m\n",
            "min_cpu_platform": "",
            "name": "airlow-instance",
            "network_interface": [
              {
                "access_config": [
                  {
                    "nat_ip": "34.147.88.43",
                    "network_tier": "PREMIUM",
                    "public_ptr_domain_name": ""
                  }
                ],
                "alias_ip_range": [],
                "internal_ipv6_prefix_length": 0,
                "ipv6_access_config": [],
                "ipv6_access_type": "",
                "ipv6_address": "",
                "name": "nic0",
                "network": "https://www.googleapis.com/compute/v1/projects/central-catcher-448814-j1/global/networks/default",
                "network_attachment": "",
                "network_ip": "10.164.0.43",
                "nic_type": "",
                "queue_count": 0,
                "stack_type": "IPV4_ONLY",
                "subnetwork": "https://www.googleapis.com/compute/v1/projects/central-catcher-448814-j1/regions/europe-west4/subnetworks/default",
                "subnetwork_project": "central-catcher-448814-j1"
              }
            ],
            "network_performance_config": [],
            "params": [],
            "project": "central-catcher-448814-j1",
            "reservation_affinity": [],
            "resource_policies": null,
            "scheduling": [
              {
                "automatic_restart": true,
                "availability_domain": 0,
                "instance_termination_action": "",
                "local_ssd_recovery_timeout": [],
                "max_run_duration": [],
                "min_node_cpus": 0,
                "node_affinities": [],
                "on_host_maintenance": "MIGRATE",
                "on_instance_stop_action": [],
                "preemptible": false,
                "provisioning_model": "STANDARD",
                "termination_time": ""
              }
            ],
            "scratch_disk": [],
            "self_link": "https://www.googleapis.com/compute/v1/projects/central-catcher-448814-j1/zones/europe-west4-a/instances/airlow-instance",
            "service_account": [
              {
                "email": "m2-277@central-catcher-448814-j1.iam.gserviceaccount.com",
                "scopes": [
                  "https://www.googleapis.com/auth/cloud-platform"
                ]
              }
            ],
            "shielded_instance_config": [
              {
                "enable_integrity_monitoring": true,
                "enable_secure_boot": false,
                "enable_vtpm": true
              }
            ],
            "tags": [
              "airflow"
            ],
            "tags_fingerprint": "stn4D_lmL8U=",
            "terraform_labels": {
              "goog-terraform-provisioned": "true"
            },
            "timeouts": null,
            "zone": "europe-west4-a"
          },
          "sensitive_attributes": [
            [
              {
                "type": "get_attr",
                "value": "boot_disk"
              },
              {
                "type": "index",
                "value": {
                  "value": 0,
                  "type": "number"
                }
              },
              {
                "type": "get_attr",
                "value": "disk_encryption_key_raw"
              }
            ]
          ],
          "private": "eyJlMmJmYjczMC1lY2FhLTExZTYtOGY4OC0zNDM2M2JjN2M0YzAiOnsiY3JlYXRlIjoxMjAwMDAwMDAwMDAwLCJkZWxldGUiOjEyMDAwMDAwMDAwMDAsInVwZGF0ZSI6MTIwMDAwMDAwMDAwMH0sInNjaGVtYV92ZXJzaW9uIjoiNiJ9",
          "dependencies": [
            "google_storage_bucket.deployment_bucket"
          ]
        }
      ]
    },
    {
      "mode": "managed",
      "type": "google_storage_bucket",
      "name": "cloud_function_bucket",
      "provider": "provider[\"registry.terraform.io/hashicorp/google\"]",
      "instances": [
        {
          "schema_version": 3,
          "attributes": {
            "autoclass": [],
            "cors": [],
            "custom_placement_config": [],
            "default_event_based_hold": false,
            "effective_labels": {
              "goog-terraform-provisioned": "true"
            },
            "enable_object_retention": false,
            "encryption": [],
            "force_destroy": true,
            "hierarchical_namespace": [
              {
                "enabled": false
              }
            ],
            "id": "cloud_function_code253",
            "labels": null,
            "lifecycle_rule": [],
            "location": "EU",
            "logging": [],
            "name": "cloud_function_code253",
            "project": "central-catcher-448814-j1",
            "project_number": 583005132330,
            "public_access_prevention": "inherited",
            "requester_pays": false,
            "retention_policy": [],
            "rpo": "DEFAULT",
            "self_link": "https://www.googleapis.com/storage/v1/b/cloud_function_code253",
            "soft_delete_policy": [
              {
                "effective_time": "2025-03-23T20:15:09.140Z",
                "retention_duration_seconds": 604800
              }
            ],
            "storage_class": "STANDARD",
            "terraform_labels": {
              "goog-terraform-provisioned": "true"
            },
            "timeouts": null,
            "uniform_bucket_level_access": false,
            "url": "gs://cloud_function_code253",
            "versioning": [],
            "website": []
          },
          "sensitive_attributes": [],
          "private": "eyJlMmJmYjczMC1lY2FhLTExZTYtOGY4OC0zNDM2M2JjN2M0YzAiOnsiY3JlYXRlIjo2MDAwMDAwMDAwMDAsInJlYWQiOjI0MDAwMDAwMDAwMCwidXBkYXRlIjoyNDAwMDAwMDAwMDB9LCJzY2hlbWFfdmVyc2lvbiI6IjMifQ=="
        }
      ]
    },
    {
      "mode": "managed",
      "type": "google_storage_bucket",
      "name": "datalake_bucket",
      "provider": "provider[\"registry.terraform.io/hashicorp/google\"]",
      "instances": [
        {
          "schema_version": 3,
          "attributes": {
            "autoclass": [],
            "cors": [],
            "custom_placement_config": [],
            "default_event_based_hold": false,
            "effective_labels": {
              "goog-terraform-provisioned": "true"
            },
            "enable_object_retention": false,
            "encryption": [],
            "force_destroy": true,
            "hierarchical_namespace": [
              {
                "enabled": false
              }
            ],
            "id": "incidents_data_dlake_253",
            "labels": null,
            "lifecycle_rule": [],
            "location": "EU",
            "logging": [],
            "name": "incidents_data_dlake_253",
            "project": "central-catcher-448814-j1",
            "project_number": 583005132330,
            "public_access_prevention": "inherited",
            "requester_pays": false,
            "retention_policy": [],
            "rpo": "DEFAULT",
            "self_link": "https://www.googleapis.com/storage/v1/b/incidents_data_dlake_253",
            "soft_delete_policy": [
              {
                "effective_time": "2025-03-23T20:15:10.901Z",
                "retention_duration_seconds": 604800
              }
            ],
            "storage_class": "STANDARD",
            "terraform_labels": {
              "goog-terraform-provisioned": "true"
            },
            "timeouts": null,
            "uniform_bucket_level_access": false,
            "url": "gs://incidents_data_dlake_253",
            "versioning": [],
            "website": []
          },
          "sensitive_attributes": [],
          "private": "eyJlMmJmYjczMC1lY2FhLTExZTYtOGY4OC0zNDM2M2JjN2M0YzAiOnsiY3JlYXRlIjo2MDAwMDAwMDAwMDAsInJlYWQiOjI0MDAwMDAwMDAwMCwidXBkYXRlIjoyNDAwMDAwMDAwMDB9LCJzY2hlbWFfdmVyc2lvbiI6IjMifQ=="
        }
      ]
    },
    {
      "mode": "managed",
      "type": "google_storage_bucket",
      "name": "deployment_bucket",
      "provider": "provider[\"registry.terraform.io/hashicorp/google\"]",
      "instances": [
        {
          "schema_version": 3,
          "attributes": {
            "autoclass": [],
            "cors": [],
            "custom_placement_config": [],
            "default_event_based_hold": false,
            "effective_labels": {
              "goog-terraform-provisioned": "true"
            },
            "enable_object_retention": false,
            "encryption": [],
            "force_destroy": true,
            "hierarchical_namespace": [
              {
                "enabled": false
              }
            ],
            "id": "deployment_files_it253",
            "labels": null,
            "lifecycle_rule": [],
            "location": "EU",
            "logging": [],
            "name": "deployment_files_it253",
            "project": "central-catcher-448814-j1",
            "project_number": 583005132330,
            "public_access_prevention": "inherited",
            "requester_pays": false,
            "retention_policy": [],
            "rpo": "DEFAULT",
            "self_link": "https://www.googleapis.com/storage/v1/b/deployment_files_it253",
            "soft_delete_policy": [
              {
                "effective_time": "2025-03-23T20:15:10.870Z",
                "retention_duration_seconds": 604800
              }
            ],
            "storage_class": "STANDARD",
            "terraform_labels": {
              "goog-terraform-provisioned": "true"
            },
            "timeouts": null,
            "uniform_bucket_level_access": false,
            "url": "gs://deployment_files_it253",
            "versioning": [],
            "website": []
          },
          "sensitive_attributes": [],
          "private": "eyJlMmJmYjczMC1lY2FhLTExZTYtOGY4OC0zNDM2M2JjN2M0YzAiOnsiY3JlYXRlIjo2MDAwMDAwMDAwMDAsInJlYWQiOjI0MDAwMDAwMDAwMCwidXBkYXRlIjoyNDAwMDAwMDAwMDB9LCJzY2hlbWFfdmVyc2lvbiI6IjMifQ=="
        }
      ]
    },
    {
      "mode": "managed",
      "type": "google_storage_bucket_object",
      "name": "compute_engine_folder",
      "provider": "provider[\"registry.terraform.io/hashicorp/google\"]",
      "instances": [
        {
          "schema_version": 0,
          "attributes": {
            "bucket": "deployment_files_it253",
            "cache_control": "",
            "content": null,
            "content_disposition": "",
            "content_encoding": "",
            "content_language": "",
            "content_type": "application/zip",
            "crc32c": "btDckw==",
            "customer_encryption": [],
            "detect_md5hash": "ZD4+Wd04MG5MCROUFC1vcw==",
            "event_based_hold": false,
            "generation": 1742760914153774,
            "id": "deployment_files_it253-src.zip",
            "kms_key_name": "",
            "md5hash": "ZD4+Wd04MG5MCROUFC1vcw==",
            "media_link": "https://storage.googleapis.com/download/storage/v1/b/deployment_files_it253/o/src.zip?generation=1742760914153774\u0026alt=media",
            "metadata": null,
            "name": "src.zip",
            "output_name": "src.zip",
            "retention": [],
            "self_link": "https://www.googleapis.com/storage/v1/b/deployment_files_it253/o/src.zip",
            "source": "../src.zip",
            "storage_class": "STANDARD",
            "temporary_hold": false,
            "timeouts": null
          },
          "sensitive_attributes": [
            [
              {
                "type": "get_attr",
                "value": "content"
              }
            ]
          ],
          "private": "eyJlMmJmYjczMC1lY2FhLTExZTYtOGY4OC0zNDM2M2JjN2M0YzAiOnsiY3JlYXRlIjoyNDAwMDAwMDAwMDAsImRlbGV0ZSI6MjQwMDAwMDAwMDAwLCJ1cGRhdGUiOjI0MDAwMDAwMDAwMH19",
          "dependencies": [
            "google_storage_bucket.deployment_bucket"
          ]
        }
      ]
    }
  ],
  "check_results": null
}
